// !$*UTF8*$!
{
	archiveVersion = 1;
	classes = {
	};
	objectVersion = 56;
	objects = {

/* Begin PBXBuildFile section */
		0C00D97A2C86967F007DDBA2 /* PokemonApp.swift in Sources */ = {isa = PBXBuildFile; fileRef = 0C00D9792C86967F007DDBA2 /* PokemonApp.swift */; };
		0C00D97C2C86967F007DDBA2 /* ContentView.swift in Sources */ = {isa = PBXBuildFile; fileRef = 0C00D97B2C86967F007DDBA2 /* ContentView.swift */; };
		0C00D97E2C869681007DDBA2 /* Assets.xcassets in Resources */ = {isa = PBXBuildFile; fileRef = 0C00D97D2C869680007DDBA2 /* Assets.xcassets */; };
		0C00D9822C869681007DDBA2 /* Preview Assets.xcassets in Resources */ = {isa = PBXBuildFile; fileRef = 0C00D9812C869681007DDBA2 /* Preview Assets.xcassets */; };
		0C00D98F2C869A7B007DDBA2 /* LoadPokemonFromRemoteUseCaseTests.swift in Sources */ = {isa = PBXBuildFile; fileRef = 0C00D98E2C869A7B007DDBA2 /* LoadPokemonFromRemoteUseCaseTests.swift */; };
		0C00D9972C86B22E007DDBA2 /* HTTPClientSpy.swift in Sources */ = {isa = PBXBuildFile; fileRef = 0C00D9962C86B22E007DDBA2 /* HTTPClientSpy.swift */; };
		0C00D9992C86B2EB007DDBA2 /* XCTestCase+MemoryLeakTracking.swift in Sources */ = {isa = PBXBuildFile; fileRef = 0C00D9982C86B2EB007DDBA2 /* XCTestCase+MemoryLeakTracking.swift */; };
		0C00D99B2C86B9E6007DDBA2 /* PokemonMapperTests.swift in Sources */ = {isa = PBXBuildFile; fileRef = 0C00D99A2C86B9E6007DDBA2 /* PokemonMapperTests.swift */; };
/* End PBXBuildFile section */

/* Begin PBXContainerItemProxy section */
		0C00D9902C869A7B007DDBA2 /* PBXContainerItemProxy */ = {
			isa = PBXContainerItemProxy;
			containerPortal = 0C00D96E2C86967E007DDBA2 /* Project object */;
			proxyType = 1;
			remoteGlobalIDString = 0C00D9752C86967F007DDBA2;
			remoteInfo = Pokemon;
		};
/* End PBXContainerItemProxy section */

/* Begin PBXFileReference section */
		0C00D9762C86967F007DDBA2 /* Pokemon.app */ = {isa = PBXFileReference; explicitFileType = wrapper.application; includeInIndex = 0; path = Pokemon.app; sourceTree = BUILT_PRODUCTS_DIR; };
		0C00D9792C86967F007DDBA2 /* PokemonApp.swift */ = {isa = PBXFileReference; lastKnownFileType = sourcecode.swift; path = PokemonApp.swift; sourceTree = "<group>"; };
		0C00D97B2C86967F007DDBA2 /* ContentView.swift */ = {isa = PBXFileReference; lastKnownFileType = sourcecode.swift; path = ContentView.swift; sourceTree = "<group>"; };
		0C00D97D2C869680007DDBA2 /* Assets.xcassets */ = {isa = PBXFileReference; lastKnownFileType = folder.assetcatalog; path = Assets.xcassets; sourceTree = "<group>"; };
		0C00D97F2C869681007DDBA2 /* Pokemon.entitlements */ = {isa = PBXFileReference; lastKnownFileType = text.plist.entitlements; path = Pokemon.entitlements; sourceTree = "<group>"; };
		0C00D9812C869681007DDBA2 /* Preview Assets.xcassets */ = {isa = PBXFileReference; lastKnownFileType = folder.assetcatalog; path = "Preview Assets.xcassets"; sourceTree = "<group>"; };
		0C00D98C2C869A7B007DDBA2 /* PokemonTests.xctest */ = {isa = PBXFileReference; explicitFileType = wrapper.cfbundle; includeInIndex = 0; path = PokemonTests.xctest; sourceTree = BUILT_PRODUCTS_DIR; };
		0C00D98E2C869A7B007DDBA2 /* LoadPokemonFromRemoteUseCaseTests.swift */ = {isa = PBXFileReference; lastKnownFileType = sourcecode.swift; path = LoadPokemonFromRemoteUseCaseTests.swift; sourceTree = "<group>"; };
		0C00D9962C86B22E007DDBA2 /* HTTPClientSpy.swift */ = {isa = PBXFileReference; lastKnownFileType = sourcecode.swift; path = HTTPClientSpy.swift; sourceTree = "<group>"; };
		0C00D9982C86B2EB007DDBA2 /* XCTestCase+MemoryLeakTracking.swift */ = {isa = PBXFileReference; lastKnownFileType = sourcecode.swift; path = "XCTestCase+MemoryLeakTracking.swift"; sourceTree = "<group>"; };
		0C00D99A2C86B9E6007DDBA2 /* PokemonMapperTests.swift */ = {isa = PBXFileReference; lastKnownFileType = sourcecode.swift; path = PokemonMapperTests.swift; sourceTree = "<group>"; };
/* End PBXFileReference section */

/* Begin PBXFrameworksBuildPhase section */
		0C00D9732C86967F007DDBA2 /* Frameworks */ = {
			isa = PBXFrameworksBuildPhase;
			buildActionMask = 2147483647;
			files = (
			);
			runOnlyForDeploymentPostprocessing = 0;
		};
		0C00D9892C869A7B007DDBA2 /* Frameworks */ = {
			isa = PBXFrameworksBuildPhase;
			buildActionMask = 2147483647;
			files = (
			);
			runOnlyForDeploymentPostprocessing = 0;
		};
/* End PBXFrameworksBuildPhase section */

/* Begin PBXGroup section */
		0C00D96D2C86967E007DDBA2 = {
			isa = PBXGroup;
			children = (
				0C00D9782C86967F007DDBA2 /* Pokemon */,
				0C00D98D2C869A7B007DDBA2 /* PokemonTests */,
				0C00D9772C86967F007DDBA2 /* Products */,
			);
			sourceTree = "<group>";
		};
		0C00D9772C86967F007DDBA2 /* Products */ = {
			isa = PBXGroup;
			children = (
				0C00D9762C86967F007DDBA2 /* Pokemon.app */,
				0C00D98C2C869A7B007DDBA2 /* PokemonTests.xctest */,
			);
			name = Products;
			sourceTree = "<group>";
		};
		0C00D9782C86967F007DDBA2 /* Pokemon */ = {
			isa = PBXGroup;
			children = (
				0C00D9792C86967F007DDBA2 /* PokemonApp.swift */,
				0C00D97B2C86967F007DDBA2 /* ContentView.swift */,
				0C00D97D2C869680007DDBA2 /* Assets.xcassets */,
				0C00D97F2C869681007DDBA2 /* Pokemon.entitlements */,
				0C00D9802C869681007DDBA2 /* Preview Content */,
			);
			path = Pokemon;
			sourceTree = "<group>";
		};
		0C00D9802C869681007DDBA2 /* Preview Content */ = {
			isa = PBXGroup;
			children = (
				0C00D9812C869681007DDBA2 /* Preview Assets.xcassets */,
			);
			path = "Preview Content";
			sourceTree = "<group>";
		};
		0C00D98D2C869A7B007DDBA2 /* PokemonTests */ = {
			isa = PBXGroup;
			children = (
				0C00D9952C86B225007DDBA2 /* Helpers */,
				0C00D98E2C869A7B007DDBA2 /* LoadPokemonFromRemoteUseCaseTests.swift */,
				0C00D99A2C86B9E6007DDBA2 /* PokemonMapperTests.swift */,
			);
			path = PokemonTests;
			sourceTree = "<group>";
		};
		0C00D9952C86B225007DDBA2 /* Helpers */ = {
			isa = PBXGroup;
			children = (
				0C00D9962C86B22E007DDBA2 /* HTTPClientSpy.swift */,
				0C00D9982C86B2EB007DDBA2 /* XCTestCase+MemoryLeakTracking.swift */,
			);
			path = Helpers;
			sourceTree = "<group>";
		};
/* End PBXGroup section */

/* Begin PBXNativeTarget section */
		0C00D9752C86967F007DDBA2 /* Pokemon */ = {
			isa = PBXNativeTarget;
			buildConfigurationList = 0C00D9852C869681007DDBA2 /* Build configuration list for PBXNativeTarget "Pokemon" */;
			buildPhases = (
				0C00D9722C86967F007DDBA2 /* Sources */,
				0C00D9732C86967F007DDBA2 /* Frameworks */,
				0C00D9742C86967F007DDBA2 /* Resources */,
			);
			buildRules = (
			);
			dependencies = (
			);
			name = Pokemon;
			productName = Pokemon;
			productReference = 0C00D9762C86967F007DDBA2 /* Pokemon.app */;
			productType = "com.apple.product-type.application";
		};
		0C00D98B2C869A7B007DDBA2 /* PokemonTests */ = {
			isa = PBXNativeTarget;
			buildConfigurationList = 0C00D9942C869A7B007DDBA2 /* Build configuration list for PBXNativeTarget "PokemonTests" */;
			buildPhases = (
				0C00D9882C869A7B007DDBA2 /* Sources */,
				0C00D9892C869A7B007DDBA2 /* Frameworks */,
				0C00D98A2C869A7B007DDBA2 /* Resources */,
			);
			buildRules = (
			);
			dependencies = (
				0C00D9912C869A7B007DDBA2 /* PBXTargetDependency */,
			);
			name = PokemonTests;
			productName = PokemonTests;
			productReference = 0C00D98C2C869A7B007DDBA2 /* PokemonTests.xctest */;
			productType = "com.apple.product-type.bundle.unit-test";
		};
/* End PBXNativeTarget section */

/* Begin PBXProject section */
		0C00D96E2C86967E007DDBA2 /* Project object */ = {
			isa = PBXProject;
			attributes = {
				BuildIndependentTargetsInParallel = 1;
				LastSwiftUpdateCheck = 1530;
				LastUpgradeCheck = 1530;
				TargetAttributes = {
					0C00D9752C86967F007DDBA2 = {
						CreatedOnToolsVersion = 15.3;
					};
					0C00D98B2C869A7B007DDBA2 = {
						CreatedOnToolsVersion = 15.3;
						TestTargetID = 0C00D9752C86967F007DDBA2;
					};
				};
			};
			buildConfigurationList = 0C00D9712C86967E007DDBA2 /* Build configuration list for PBXProject "Pokemon" */;
			compatibilityVersion = "Xcode 14.0";
			developmentRegion = en;
			hasScannedForEncodings = 0;
			knownRegions = (
				en,
				Base,
			);
			mainGroup = 0C00D96D2C86967E007DDBA2;
			productRefGroup = 0C00D9772C86967F007DDBA2 /* Products */;
			projectDirPath = "";
			projectRoot = "";
			targets = (
				0C00D9752C86967F007DDBA2 /* Pokemon */,
				0C00D98B2C869A7B007DDBA2 /* PokemonTests */,
			);
		};
/* End PBXProject section */

/* Begin PBXResourcesBuildPhase section */
		0C00D9742C86967F007DDBA2 /* Resources */ = {
			isa = PBXResourcesBuildPhase;
			buildActionMask = 2147483647;
			files = (
				0C00D9822C869681007DDBA2 /* Preview Assets.xcassets in Resources */,
				0C00D97E2C869681007DDBA2 /* Assets.xcassets in Resources */,
			);
			runOnlyForDeploymentPostprocessing = 0;
		};
		0C00D98A2C869A7B007DDBA2 /* Resources */ = {
			isa = PBXResourcesBuildPhase;
			buildActionMask = 2147483647;
			files = (
			);
			runOnlyForDeploymentPostprocessing = 0;
		};
/* End PBXResourcesBuildPhase section */

/* Begin PBXSourcesBuildPhase section */
		0C00D9722C86967F007DDBA2 /* Sources */ = {
			isa = PBXSourcesBuildPhase;
			buildActionMask = 2147483647;
			files = (
				0C00D97C2C86967F007DDBA2 /* ContentView.swift in Sources */,
				0C00D97A2C86967F007DDBA2 /* PokemonApp.swift in Sources */,
			);
			runOnlyForDeploymentPostprocessing = 0;
		};
		0C00D9882C869A7B007DDBA2 /* Sources */ = {
			isa = PBXSourcesBuildPhase;
			buildActionMask = 2147483647;
			files = (
				0C00D99B2C86B9E6007DDBA2 /* PokemonMapperTests.swift in Sources */,
				0C00D98F2C869A7B007DDBA2 /* LoadPokemonFromRemoteUseCaseTests.swift in Sources */,
				0C00D9972C86B22E007DDBA2 /* HTTPClientSpy.swift in Sources */,
				0C00D9992C86B2EB007DDBA2 /* XCTestCase+MemoryLeakTracking.swift in Sources */,
			);
			runOnlyForDeploymentPostprocessing = 0;
		};
/* End PBXSourcesBuildPhase section */

/* Begin PBXTargetDependency section */
		0C00D9912C869A7B007DDBA2 /* PBXTargetDependency */ = {
			isa = PBXTargetDependency;
			target = 0C00D9752C86967F007DDBA2 /* Pokemon */;
			targetProxy = 0C00D9902C869A7B007DDBA2 /* PBXContainerItemProxy */;
		};
/* End PBXTargetDependency section */

/* Begin XCBuildConfiguration section */
		0C00D9832C869681007DDBA2 /* Debug */ = {
			isa = XCBuildConfiguration;
			buildSettings = {
				ALWAYS_SEARCH_USER_PATHS = NO;
				ASSETCATALOG_COMPILER_GENERATE_SWIFT_ASSET_SYMBOL_EXTENSIONS = YES;
				CLANG_ANALYZER_NONNULL = YES;
				CLANG_ANALYZER_NUMBER_OBJECT_CONVERSION = YES_AGGRESSIVE;
				CLANG_CXX_LANGUAGE_STANDARD = "gnu++20";
				CLANG_ENABLE_MODULES = YES;
				CLANG_ENABLE_OBJC_ARC = YES;
				CLANG_ENABLE_OBJC_WEAK = YES;
				CLANG_WARN_BLOCK_CAPTURE_AUTORELEASING = YES;
				CLANG_WARN_BOOL_CONVERSION = YES;
				CLANG_WARN_COMMA = YES;
				CLANG_WARN_CONSTANT_CONVERSION = YES;
				CLANG_WARN_DEPRECATED_OBJC_IMPLEMENTATIONS = YES;
				CLANG_WARN_DIRECT_OBJC_ISA_USAGE = YES_ERROR;
				CLANG_WARN_DOCUMENTATION_COMMENTS = YES;
				CLANG_WARN_EMPTY_BODY = YES;
				CLANG_WARN_ENUM_CONVERSION = YES;
				CLANG_WARN_INFINITE_RECURSION = YES;
				CLANG_WARN_INT_CONVERSION = YES;
				CLANG_WARN_NON_LITERAL_NULL_CONVERSION = YES;
				CLANG_WARN_OBJC_IMPLICIT_RETAIN_SELF = YES;
				CLANG_WARN_OBJC_LITERAL_CONVERSION = YES;
				CLANG_WARN_OBJC_ROOT_CLASS = YES_ERROR;
				CLANG_WARN_QUOTED_INCLUDE_IN_FRAMEWORK_HEADER = YES;
				CLANG_WARN_RANGE_LOOP_ANALYSIS = YES;
				CLANG_WARN_STRICT_PROTOTYPES = YES;
				CLANG_WARN_SUSPICIOUS_MOVE = YES;
				CLANG_WARN_UNGUARDED_AVAILABILITY = YES_AGGRESSIVE;
				CLANG_WARN_UNREACHABLE_CODE = YES;
				CLANG_WARN__DUPLICATE_METHOD_MATCH = YES;
				COPY_PHASE_STRIP = NO;
				DEBUG_INFORMATION_FORMAT = dwarf;
				ENABLE_STRICT_OBJC_MSGSEND = YES;
				ENABLE_TESTABILITY = YES;
				ENABLE_USER_SCRIPT_SANDBOXING = YES;
				GCC_C_LANGUAGE_STANDARD = gnu17;
				GCC_DYNAMIC_NO_PIC = NO;
				GCC_NO_COMMON_BLOCKS = YES;
				GCC_OPTIMIZATION_LEVEL = 0;
				GCC_PREPROCESSOR_DEFINITIONS = (
					"DEBUG=1",
					"$(inherited)",
				);
				GCC_WARN_64_TO_32_BIT_CONVERSION = YES;
				GCC_WARN_ABOUT_RETURN_TYPE = YES_ERROR;
				GCC_WARN_UNDECLARED_SELECTOR = YES;
				GCC_WARN_UNINITIALIZED_AUTOS = YES_AGGRESSIVE;
				GCC_WARN_UNUSED_FUNCTION = YES;
				GCC_WARN_UNUSED_VARIABLE = YES;
				IPHONEOS_DEPLOYMENT_TARGET = 17.0;
				LOCALIZATION_PREFERS_STRING_CATALOGS = YES;
				MTL_ENABLE_DEBUG_INFO = INCLUDE_SOURCE;
				MTL_FAST_MATH = YES;
				ONLY_ACTIVE_ARCH = YES;
				SWIFT_ACTIVE_COMPILATION_CONDITIONS = "DEBUG $(inherited)";
				SWIFT_OPTIMIZATION_LEVEL = "-Onone";
			};
			name = Debug;
		};
		0C00D9842C869681007DDBA2 /* Release */ = {
			isa = XCBuildConfiguration;
			buildSettings = {
				ALWAYS_SEARCH_USER_PATHS = NO;
				ASSETCATALOG_COMPILER_GENERATE_SWIFT_ASSET_SYMBOL_EXTENSIONS = YES;
				CLANG_ANALYZER_NONNULL = YES;
				CLANG_ANALYZER_NUMBER_OBJECT_CONVERSION = YES_AGGRESSIVE;
				CLANG_CXX_LANGUAGE_STANDARD = "gnu++20";
				CLANG_ENABLE_MODULES = YES;
				CLANG_ENABLE_OBJC_ARC = YES;
				CLANG_ENABLE_OBJC_WEAK = YES;
				CLANG_WARN_BLOCK_CAPTURE_AUTORELEASING = YES;
				CLANG_WARN_BOOL_CONVERSION = YES;
				CLANG_WARN_COMMA = YES;
				CLANG_WARN_CONSTANT_CONVERSION = YES;
				CLANG_WARN_DEPRECATED_OBJC_IMPLEMENTATIONS = YES;
				CLANG_WARN_DIRECT_OBJC_ISA_USAGE = YES_ERROR;
				CLANG_WARN_DOCUMENTATION_COMMENTS = YES;
				CLANG_WARN_EMPTY_BODY = YES;
				CLANG_WARN_ENUM_CONVERSION = YES;
				CLANG_WARN_INFINITE_RECURSION = YES;
				CLANG_WARN_INT_CONVERSION = YES;
				CLANG_WARN_NON_LITERAL_NULL_CONVERSION = YES;
				CLANG_WARN_OBJC_IMPLICIT_RETAIN_SELF = YES;
				CLANG_WARN_OBJC_LITERAL_CONVERSION = YES;
				CLANG_WARN_OBJC_ROOT_CLASS = YES_ERROR;
				CLANG_WARN_QUOTED_INCLUDE_IN_FRAMEWORK_HEADER = YES;
				CLANG_WARN_RANGE_LOOP_ANALYSIS = YES;
				CLANG_WARN_STRICT_PROTOTYPES = YES;
				CLANG_WARN_SUSPICIOUS_MOVE = YES;
				CLANG_WARN_UNGUARDED_AVAILABILITY = YES_AGGRESSIVE;
				CLANG_WARN_UNREACHABLE_CODE = YES;
				CLANG_WARN__DUPLICATE_METHOD_MATCH = YES;
				COPY_PHASE_STRIP = NO;
				DEBUG_INFORMATION_FORMAT = "dwarf-with-dsym";
				ENABLE_NS_ASSERTIONS = NO;
				ENABLE_STRICT_OBJC_MSGSEND = YES;
				ENABLE_USER_SCRIPT_SANDBOXING = YES;
				GCC_C_LANGUAGE_STANDARD = gnu17;
				GCC_NO_COMMON_BLOCKS = YES;
				GCC_WARN_64_TO_32_BIT_CONVERSION = YES;
				GCC_WARN_ABOUT_RETURN_TYPE = YES_ERROR;
				GCC_WARN_UNDECLARED_SELECTOR = YES;
				GCC_WARN_UNINITIALIZED_AUTOS = YES_AGGRESSIVE;
				GCC_WARN_UNUSED_FUNCTION = YES;
				GCC_WARN_UNUSED_VARIABLE = YES;
				IPHONEOS_DEPLOYMENT_TARGET = 17.0;
				LOCALIZATION_PREFERS_STRING_CATALOGS = YES;
				MTL_ENABLE_DEBUG_INFO = NO;
				MTL_FAST_MATH = YES;
				SWIFT_COMPILATION_MODE = wholemodule;
			};
			name = Release;
		};
		0C00D9862C869681007DDBA2 /* Debug */ = {
			isa = XCBuildConfiguration;
			buildSettings = {
				ASSETCATALOG_COMPILER_APPICON_NAME = AppIcon;
				ASSETCATALOG_COMPILER_GLOBAL_ACCENT_COLOR_NAME = AccentColor;
				CODE_SIGN_ENTITLEMENTS = Pokemon/Pokemon.entitlements;
				CODE_SIGN_STYLE = Automatic;
				CURRENT_PROJECT_VERSION = 1;
				DEVELOPMENT_ASSET_PATHS = "\"Pokemon/Preview Content\"";
				DEVELOPMENT_TEAM = 3F3N8USCH4;
				ENABLE_HARDENED_RUNTIME = YES;
				ENABLE_PREVIEWS = YES;
				GENERATE_INFOPLIST_FILE = YES;
				"INFOPLIST_KEY_UIApplicationSceneManifest_Generation[sdk=iphoneos*]" = YES;
				"INFOPLIST_KEY_UIApplicationSceneManifest_Generation[sdk=iphonesimulator*]" = YES;
				"INFOPLIST_KEY_UIApplicationSupportsIndirectInputEvents[sdk=iphoneos*]" = YES;
				"INFOPLIST_KEY_UIApplicationSupportsIndirectInputEvents[sdk=iphonesimulator*]" = YES;
				"INFOPLIST_KEY_UILaunchScreen_Generation[sdk=iphoneos*]" = YES;
				"INFOPLIST_KEY_UILaunchScreen_Generation[sdk=iphonesimulator*]" = YES;
				"INFOPLIST_KEY_UIStatusBarStyle[sdk=iphoneos*]" = UIStatusBarStyleDefault;
				"INFOPLIST_KEY_UIStatusBarStyle[sdk=iphonesimulator*]" = UIStatusBarStyleDefault;
				INFOPLIST_KEY_UISupportedInterfaceOrientations_iPad = "UIInterfaceOrientationPortrait UIInterfaceOrientationPortraitUpsideDown UIInterfaceOrientationLandscapeLeft UIInterfaceOrientationLandscapeRight";
				INFOPLIST_KEY_UISupportedInterfaceOrientations_iPhone = "UIInterfaceOrientationPortrait UIInterfaceOrientationLandscapeLeft UIInterfaceOrientationLandscapeRight";
				IPHONEOS_DEPLOYMENT_TARGET = 17.0;
				LD_RUNPATH_SEARCH_PATHS = "@executable_path/Frameworks";
				"LD_RUNPATH_SEARCH_PATHS[sdk=macosx*]" = "@executable_path/../Frameworks";
				MACOSX_DEPLOYMENT_TARGET = 14.4;
				MARKETING_VERSION = 1.0;
				PRODUCT_BUNDLE_IDENTIFIER = com.LiamHsu.Pokemon;
				PRODUCT_NAME = "$(TARGET_NAME)";
				SDKROOT = auto;
				SUPPORTED_PLATFORMS = "iphoneos iphonesimulator";
				SUPPORTS_MACCATALYST = NO;
				SWIFT_EMIT_LOC_STRINGS = YES;
				SWIFT_VERSION = 5.0;
				TARGETED_DEVICE_FAMILY = "1,2";
			};
			name = Debug;
		};
		0C00D9872C869681007DDBA2 /* Release */ = {
			isa = XCBuildConfiguration;
			buildSettings = {
				ASSETCATALOG_COMPILER_APPICON_NAME = AppIcon;
				ASSETCATALOG_COMPILER_GLOBAL_ACCENT_COLOR_NAME = AccentColor;
				CODE_SIGN_ENTITLEMENTS = Pokemon/Pokemon.entitlements;
				CODE_SIGN_STYLE = Automatic;
				CURRENT_PROJECT_VERSION = 1;
				DEVELOPMENT_ASSET_PATHS = "\"Pokemon/Preview Content\"";
				DEVELOPMENT_TEAM = 3F3N8USCH4;
				ENABLE_HARDENED_RUNTIME = YES;
				ENABLE_PREVIEWS = YES;
				GENERATE_INFOPLIST_FILE = YES;
				"INFOPLIST_KEY_UIApplicationSceneManifest_Generation[sdk=iphoneos*]" = YES;
				"INFOPLIST_KEY_UIApplicationSceneManifest_Generation[sdk=iphonesimulator*]" = YES;
				"INFOPLIST_KEY_UIApplicationSupportsIndirectInputEvents[sdk=iphoneos*]" = YES;
				"INFOPLIST_KEY_UIApplicationSupportsIndirectInputEvents[sdk=iphonesimulator*]" = YES;
				"INFOPLIST_KEY_UILaunchScreen_Generation[sdk=iphoneos*]" = YES;
				"INFOPLIST_KEY_UILaunchScreen_Generation[sdk=iphonesimulator*]" = YES;
				"INFOPLIST_KEY_UIStatusBarStyle[sdk=iphoneos*]" = UIStatusBarStyleDefault;
				"INFOPLIST_KEY_UIStatusBarStyle[sdk=iphonesimulator*]" = UIStatusBarStyleDefault;
				INFOPLIST_KEY_UISupportedInterfaceOrientations_iPad = "UIInterfaceOrientationPortrait UIInterfaceOrientationPortraitUpsideDown UIInterfaceOrientationLandscapeLeft UIInterfaceOrientationLandscapeRight";
				INFOPLIST_KEY_UISupportedInterfaceOrientations_iPhone = "UIInterfaceOrientationPortrait UIInterfaceOrientationLandscapeLeft UIInterfaceOrientationLandscapeRight";
				IPHONEOS_DEPLOYMENT_TARGET = 17.0;
				LD_RUNPATH_SEARCH_PATHS = "@executable_path/Frameworks";
				"LD_RUNPATH_SEARCH_PATHS[sdk=macosx*]" = "@executable_path/../Frameworks";
				MACOSX_DEPLOYMENT_TARGET = 14.4;
				MARKETING_VERSION = 1.0;
				PRODUCT_BUNDLE_IDENTIFIER = com.LiamHsu.Pokemon;
				PRODUCT_NAME = "$(TARGET_NAME)";
				SDKROOT = auto;
				SUPPORTED_PLATFORMS = "iphoneos iphonesimulator";
				SUPPORTS_MACCATALYST = NO;
				SWIFT_EMIT_LOC_STRINGS = YES;
				SWIFT_VERSION = 5.0;
				TARGETED_DEVICE_FAMILY = "1,2";
			};
			name = Release;
		};
		0C00D9922C869A7B007DDBA2 /* Debug */ = {
			isa = XCBuildConfiguration;
			buildSettings = {
				BUNDLE_LOADER = "$(TEST_HOST)";
				CODE_SIGN_STYLE = Automatic;
				CURRENT_PROJECT_VERSION = 1;
				DEVELOPMENT_TEAM = 3F3N8USCH4;
				GENERATE_INFOPLIST_FILE = YES;
				IPHONEOS_DEPLOYMENT_TARGET = 17.4;
				MARKETING_VERSION = 1.0;
				PRODUCT_BUNDLE_IDENTIFIER = com.LiamHsu.PokemonTests;
				PRODUCT_NAME = "$(TARGET_NAME)";
				SDKROOT = iphoneos;
				SUPPORTED_PLATFORMS = "iphoneos iphonesimulator";
				SUPPORTS_MACCATALYST = NO;
				SUPPORTS_MAC_DESIGNED_FOR_IPHONE_IPAD = NO;
				SUPPORTS_XR_DESIGNED_FOR_IPHONE_IPAD = NO;
				SWIFT_EMIT_LOC_STRINGS = NO;
				SWIFT_VERSION = 5.0;
				TARGETED_DEVICE_FAMILY = "1,2";
				TEST_HOST = "$(BUILT_PRODUCTS_DIR)/Pokemon.app/$(BUNDLE_EXECUTABLE_FOLDER_PATH)/Pokemon";
			};
			name = Debug;
		};
		0C00D9932C869A7B007DDBA2 /* Release */ = {
			isa = XCBuildConfiguration;
			buildSettings = {
				BUNDLE_LOADER = "$(TEST_HOST)";
				CODE_SIGN_STYLE = Automatic;
				CURRENT_PROJECT_VERSION = 1;
				DEVELOPMENT_TEAM = 3F3N8USCH4;
				GENERATE_INFOPLIST_FILE = YES;
				IPHONEOS_DEPLOYMENT_TARGET = 17.4;
				MARKETING_VERSION = 1.0;
				PRODUCT_BUNDLE_IDENTIFIER = com.LiamHsu.PokemonTests;
				PRODUCT_NAME = "$(TARGET_NAME)";
				SDKROOT = iphoneos;
				SUPPORTED_PLATFORMS = "iphoneos iphonesimulator";
				SUPPORTS_MACCATALYST = NO;
				SUPPORTS_MAC_DESIGNED_FOR_IPHONE_IPAD = NO;
				SUPPORTS_XR_DESIGNED_FOR_IPHONE_IPAD = NO;
				SWIFT_EMIT_LOC_STRINGS = NO;
				SWIFT_VERSION = 5.0;
				TARGETED_DEVICE_FAMILY = "1,2";
				TEST_HOST = "$(BUILT_PRODUCTS_DIR)/Pokemon.app/$(BUNDLE_EXECUTABLE_FOLDER_PATH)/Pokemon";
				VALIDATE_PRODUCT = YES;
			};
			name = Release;
		};
/* End XCBuildConfiguration section */

/* Begin XCConfigurationList section */
		0C00D9712C86967E007DDBA2 /* Build configuration list for PBXProject "Pokemon" */ = {
			isa = XCConfigurationList;
			buildConfigurations = (
				0C00D9832C869681007DDBA2 /* Debug */,
				0C00D9842C869681007DDBA2 /* Release */,
			);
			defaultConfigurationIsVisible = 0;
			defaultConfigurationName = Release;
		};
		0C00D9852C869681007DDBA2 /* Build configuration list for PBXNativeTarget "Pokemon" */ = {
			isa = XCConfigurationList;
			buildConfigurations = (
				0C00D9862C869681007DDBA2 /* Debug */,
				0C00D9872C869681007DDBA2 /* Release */,
			);
			defaultConfigurationIsVisible = 0;
			defaultConfigurationName = Release;
		};
		0C00D9942C869A7B007DDBA2 /* Build configuration list for PBXNativeTarget "PokemonTests" */ = {
			isa = XCConfigurationList;
			buildConfigurations = (
				0C00D9922C869A7B007DDBA2 /* Debug */,
				0C00D9932C869A7B007DDBA2 /* Release */,
			);
			defaultConfigurationIsVisible = 0;
			defaultConfigurationName = Release;
		};
/* End XCConfigurationList section */
	};
	rootObject = 0C00D96E2C86967E007DDBA2 /* Project object */;
}
